// !$*UTF8*$!
{
	archiveVersion = 1;
	classes = {
	};
	objectVersion = 55;
	objects = {

/* Begin PBXBuildFile section */
		E92368BF27B6A2F30092D086 /* HACKER_News_PortableApp.swift in Sources */ = {isa = PBXBuildFile; fileRef = E92368BE27B6A2F30092D086 /* HACKER_News_PortableApp.swift */; };
		E92368C127B6A2F30092D086 /* ContentView.swift in Sources */ = {isa = PBXBuildFile; fileRef = E92368C027B6A2F30092D086 /* ContentView.swift */; };
		E92368C327B6A2F40092D086 /* Assets.xcassets in Resources */ = {isa = PBXBuildFile; fileRef = E92368C227B6A2F40092D086 /* Assets.xcassets */; };
		E92368C627B6A2F40092D086 /* Preview Assets.xcassets in Resources */ = {isa = PBXBuildFile; fileRef = E92368C527B6A2F40092D086 /* Preview Assets.xcassets */; };
		E92368CE27B6A6D30092D086 /* NetworkManager.swift in Sources */ = {isa = PBXBuildFile; fileRef = E92368CD27B6A6D30092D086 /* NetworkManager.swift */; };
		E92368D027B6A8190092D086 /* PostData.swift in Sources */ = {isa = PBXBuildFile; fileRef = E92368CF27B6A8190092D086 /* PostData.swift */; };
		E92368D327B6AD120092D086 /* DetailView.swift in Sources */ = {isa = PBXBuildFile; fileRef = E92368D227B6AD120092D086 /* DetailView.swift */; };
		E92368D527B6B69C0092D086 /* WebView.swift in Sources */ = {isa = PBXBuildFile; fileRef = E92368D427B6B69C0092D086 /* WebView.swift */; };
/* End PBXBuildFile section */

/* Begin PBXFileReference section */
		E92368BB27B6A2F30092D086 /* HACKER News Portable.app */ = {isa = PBXFileReference; explicitFileType = wrapper.application; includeInIndex = 0; path = "HACKER News Portable.app"; sourceTree = BUILT_PRODUCTS_DIR; };
		E92368BE27B6A2F30092D086 /* HACKER_News_PortableApp.swift */ = {isa = PBXFileReference; lastKnownFileType = sourcecode.swift; path = HACKER_News_PortableApp.swift; sourceTree = "<group>"; };
		E92368C027B6A2F30092D086 /* ContentView.swift */ = {isa = PBXFileReference; lastKnownFileType = sourcecode.swift; path = ContentView.swift; sourceTree = "<group>"; };
		E92368C227B6A2F40092D086 /* Assets.xcassets */ = {isa = PBXFileReference; lastKnownFileType = folder.assetcatalog; path = Assets.xcassets; sourceTree = "<group>"; };
		E92368C527B6A2F40092D086 /* Preview Assets.xcassets */ = {isa = PBXFileReference; lastKnownFileType = folder.assetcatalog; path = "Preview Assets.xcassets"; sourceTree = "<group>"; };
		E92368CD27B6A6D30092D086 /* NetworkManager.swift */ = {isa = PBXFileReference; lastKnownFileType = sourcecode.swift; path = NetworkManager.swift; sourceTree = "<group>"; };
		E92368CF27B6A8190092D086 /* PostData.swift */ = {isa = PBXFileReference; lastKnownFileType = sourcecode.swift; path = PostData.swift; sourceTree = "<group>"; };
		E92368D227B6AD120092D086 /* DetailView.swift */ = {isa = PBXFileReference; lastKnownFileType = sourcecode.swift; path = DetailView.swift; sourceTree = "<group>"; };
		E92368D427B6B69C0092D086 /* WebView.swift */ = {isa = PBXFileReference; lastKnownFileType = sourcecode.swift; path = WebView.swift; sourceTree = "<group>"; };
		E92368D627B6B8200092D086 /* HACKER News Portable.entitlements */ = {isa = PBXFileReference; lastKnownFileType = text.plist.entitlements; path = "HACKER News Portable.entitlements"; sourceTree = "<group>"; };
/* End PBXFileReference section */

/* Begin PBXFrameworksBuildPhase section */
		E92368B827B6A2F30092D086 /* Frameworks */ = {
			isa = PBXFrameworksBuildPhase;
			buildActionMask = 2147483647;
			files = (
			);
			runOnlyForDeploymentPostprocessing = 0;
		};
/* End PBXFrameworksBuildPhase section */

/* Begin PBXGroup section */
		E92368B227B6A2F30092D086 = {
			isa = PBXGroup;
			children = (
				E92368BD27B6A2F30092D086 /* HACKER News Portable */,
				E92368BC27B6A2F30092D086 /* Products */,
			);
			sourceTree = "<group>";
		};
		E92368BC27B6A2F30092D086 /* Products */ = {
			isa = PBXGroup;
			children = (
				E92368BB27B6A2F30092D086 /* HACKER News Portable.app */,
			);
			name = Products;
			sourceTree = "<group>";
		};
		E92368BD27B6A2F30092D086 /* HACKER News Portable */ = {
			isa = PBXGroup;
			children = (
				E92368D627B6B8200092D086 /* HACKER News Portable.entitlements */,
				E92368BE27B6A2F30092D086 /* HACKER_News_PortableApp.swift */,
				E92368D127B6ACF50092D086 /* Views */,
				E92368CC27B6A6B30092D086 /* Models */,
				E92368C227B6A2F40092D086 /* Assets.xcassets */,
				E92368C427B6A2F40092D086 /* Preview Content */,
			);
			path = "HACKER News Portable";
			sourceTree = "<group>";
		};
		E92368C427B6A2F40092D086 /* Preview Content */ = {
			isa = PBXGroup;
			children = (
				E92368C527B6A2F40092D086 /* Preview Assets.xcassets */,
			);
			path = "Preview Content";
			sourceTree = "<group>";
		};
		E92368CC27B6A6B30092D086 /* Models */ = {
			isa = PBXGroup;
			children = (
				E92368CD27B6A6D30092D086 /* NetworkManager.swift */,
				E92368CF27B6A8190092D086 /* PostData.swift */,
			);
			path = Models;
			sourceTree = "<group>";
		};
		E92368D127B6ACF50092D086 /* Views */ = {
			isa = PBXGroup;
			children = (
				E92368C027B6A2F30092D086 /* ContentView.swift */,
				E92368D227B6AD120092D086 /* DetailView.swift */,
				E92368D427B6B69C0092D086 /* WebView.swift */,
			);
			path = Views;
			sourceTree = "<group>";
		};
/* End PBXGroup section */

/* Begin PBXNativeTarget section */
		E92368BA27B6A2F30092D086 /* HACKER News Portable */ = {
			isa = PBXNativeTarget;
			buildConfigurationList = E92368C927B6A2F40092D086 /* Build configuration list for PBXNativeTarget "HACKER News Portable" */;
			buildPhases = (
				E92368B727B6A2F30092D086 /* Sources */,
				E92368B827B6A2F30092D086 /* Frameworks */,
				E92368B927B6A2F30092D086 /* Resources */,
			);
			buildRules = (
			);
			dependencies = (
			);
			name = "HACKER News Portable";
			productName = "HACKER News Portable";
			productReference = E92368BB27B6A2F30092D086 /* HACKER News Portable.app */;
			productType = "com.apple.product-type.application";
		};
/* End PBXNativeTarget section */

/* Begin PBXProject section */
		E92368B327B6A2F30092D086 /* Project object */ = {
			isa = PBXProject;
			attributes = {
				BuildIndependentTargetsInParallel = 1;
				LastSwiftUpdateCheck = 1320;
				LastUpgradeCheck = 1320;
				TargetAttributes = {
					E92368BA27B6A2F30092D086 = {
						CreatedOnToolsVersion = 13.2.1;
					};
				};
			};
			buildConfigurationList = E92368B627B6A2F30092D086 /* Build configuration list for PBXProject "HACKER News Portable" */;
			compatibilityVersion = "Xcode 13.0";
			developmentRegion = en;
			hasScannedForEncodings = 0;
			knownRegions = (
				en,
				Base,
			);
			mainGroup = E92368B227B6A2F30092D086;
			productRefGroup = E92368BC27B6A2F30092D086 /* Products */;
			projectDirPath = "";
			projectRoot = "";
			targets = (
				E92368BA27B6A2F30092D086 /* HACKER News Portable */,
			);
		};
/* End PBXProject section */

/* Begin PBXResourcesBuildPhase section */
		E92368B927B6A2F30092D086 /* Resources */ = {
			isa = PBXResourcesBuildPhase;
			buildActionMask = 2147483647;
			files = (
				E92368C627B6A2F40092D086 /* Preview Assets.xcassets in Resources */,
				E92368C327B6A2F40092D086 /* Assets.xcassets in Resources */,
			);
			runOnlyForDeploymentPostprocessing = 0;
		};
/* End PBXResourcesBuildPhase section */

/* Begin PBXSourcesBuildPhase section */
		E92368B727B6A2F30092D086 /* Sources */ = {
			isa = PBXSourcesBuildPhase;
			buildActionMask = 2147483647;
			files = (
				E92368CE27B6A6D30092D086 /* NetworkManager.swift in Sources */,
				E92368D027B6A8190092D086 /* PostData.swift in Sources */,
				E92368C127B6A2F30092D086 /* ContentView.swift in Sources */,
				E92368D527B6B69C0092D086 /* WebView.swift in Sources */,
				E92368D327B6AD120092D086 /* DetailView.swift in Sources */,
				E92368BF27B6A2F30092D086 /* HACKER_News_PortableApp.swift in Sources */,
			);
			runOnlyForDeploymentPostprocessing = 0;
		};
/* End PBXSourcesBuildPhase section */

/* Begin XCBuildConfiguration section */
		E92368C727B6A2F40092D086 /* Debug */ = {
			isa = XCBuildConfiguration;
			buildSettings = {
				ALWAYS_SEARCH_USER_PATHS = NO;
				CLANG_ANALYZER_NONNULL = YES;
				CLANG_ANALYZER_NUMBER_OBJECT_CONVERSION = YES_AGGRESSIVE;
				CLANG_CXX_LANGUAGE_STANDARD = "gnu++17";
				CLANG_CXX_LIBRARY = "libc++";
				CLANG_ENABLE_MODULES = YES;
				CLANG_ENABLE_OBJC_ARC = YES;
				CLANG_ENABLE_OBJC_WEAK = YES;
				CLANG_WARN_BLOCK_CAPTURE_AUTORELEASING = YES;
				CLANG_WARN_BOOL_CONVERSION = YES;
				CLANG_WARN_COMMA = YES;
				CLANG_WARN_CONSTANT_CONVERSION = YES;
				CLANG_WARN_DEPRECATED_OBJC_IMPLEMENTATIONS = YES;
				CLANG_WARN_DIRECT_OBJC_ISA_USAGE = YES_ERROR;
				CLANG_WARN_DOCUMENTATION_COMMENTS = YES;
				CLANG_WARN_EMPTY_BODY = YES;
				CLANG_WARN_ENUM_CONVERSION = YES;
				CLANG_WARN_INFINITE_RECURSION = YES;
				CLANG_WARN_INT_CONVERSION = YES;
				CLANG_WARN_NON_LITERAL_NULL_CONVERSION = YES;
				CLANG_WARN_OBJC_IMPLICIT_RETAIN_SELF = YES;
				CLANG_WARN_OBJC_LITERAL_CONVERSION = YES;
				CLANG_WARN_OBJC_ROOT_CLASS = YES_ERROR;
				CLANG_WARN_QUOTED_INCLUDE_IN_FRAMEWORK_HEADER = YES;
				CLANG_WARN_RANGE_LOOP_ANALYSIS = YES;
				CLANG_WARN_STRICT_PROTOTYPES = YES;
				CLANG_WARN_SUSPICIOUS_MOVE = YES;
				CLANG_WARN_UNGUARDED_AVAILABILITY = YES_AGGRESSIVE;
				CLANG_WARN_UNREACHABLE_CODE = YES;
				CLANG_WARN__DUPLICATE_METHOD_MATCH = YES;
				COPY_PHASE_STRIP = NO;
				DEBUG_INFORMATION_FORMAT = dwarf;
				ENABLE_STRICT_OBJC_MSGSEND = YES;
				ENABLE_TESTABILITY = YES;
				GCC_C_LANGUAGE_STANDARD = gnu11;
				GCC_DYNAMIC_NO_PIC = NO;
				GCC_NO_COMMON_BLOCKS = YES;
				GCC_OPTIMIZATION_LEVEL = 0;
				GCC_PREPROCESSOR_DEFINITIONS = (
					"DEBUG=1",
					"$(inherited)",
				);
				GCC_WARN_64_TO_32_BIT_CONVERSION = YES;
				GCC_WARN_ABOUT_RETURN_TYPE = YES_ERROR;
				GCC_WARN_UNDECLARED_SELECTOR = YES;
				GCC_WARN_UNINITIALIZED_AUTOS = YES_AGGRESSIVE;
				GCC_WARN_UNUSED_FUNCTION = YES;
				GCC_WARN_UNUSED_VARIABLE = YES;
				IPHONEOS_DEPLOYMENT_TARGET = 15.2;
				MTL_ENABLE_DEBUG_INFO = INCLUDE_SOURCE;
				MTL_FAST_MATH = YES;
				ONLY_ACTIVE_ARCH = YES;
				SDKROOT = iphoneos;
				SWIFT_ACTIVE_COMPILATION_CONDITIONS = DEBUG;
				SWIFT_OPTIMIZATION_LEVEL = "-Onone";
			};
			name = Debug;
		};
		E92368C827B6A2F40092D086 /* Release */ = {
			isa = XCBuildConfiguration;
			buildSettings = {
				ALWAYS_SEARCH_USER_PATHS = NO;
				CLANG_ANALYZER_NONNULL = YES;
				CLANG_ANALYZER_NUMBER_OBJECT_CONVERSION = YES_AGGRESSIVE;
				CLANG_CXX_LANGUAGE_STANDARD = "gnu++17";
				CLANG_CXX_LIBRARY = "libc++";
				CLANG_ENABLE_MODULES = YES;
				CLANG_ENABLE_OBJC_ARC = YES;
				CLANG_ENABLE_OBJC_WEAK = YES;
				CLANG_WARN_BLOCK_CAPTURE_AUTORELEASING = YES;
				CLANG_WARN_BOOL_CONVERSION = YES;
				CLANG_WARN_COMMA = YES;
				CLANG_WARN_CONSTANT_CONVERSION = YES;
				CLANG_WARN_DEPRECATED_OBJC_IMPLEMENTATIONS = YES;
				CLANG_WARN_DIRECT_OBJC_ISA_USAGE = YES_ERROR;
				CLANG_WARN_DOCUMENTATION_COMMENTS = YES;
				CLANG_WARN_EMPTY_BODY = YES;
				CLANG_WARN_ENUM_CONVERSION = YES;
				CLANG_WARN_INFINITE_RECURSION = YES;
				CLANG_WARN_INT_CONVERSION = YES;
				CLANG_WARN_NON_LITERAL_NULL_CONVERSION = YES;
				CLANG_WARN_OBJC_IMPLICIT_RETAIN_SELF = YES;
				CLANG_WARN_OBJC_LITERAL_CONVERSION = YES;
				CLANG_WARN_OBJC_ROOT_CLASS = YES_ERROR;
				CLANG_WARN_QUOTED_INCLUDE_IN_FRAMEWORK_HEADER = YES;
				CLANG_WARN_RANGE_LOOP_ANALYSIS = YES;
				CLANG_WARN_STRICT_PROTOTYPES = YES;
				CLANG_WARN_SUSPICIOUS_MOVE = YES;
				CLANG_WARN_UNGUARDED_AVAILABILITY = YES_AGGRESSIVE;
				CLANG_WARN_UNREACHABLE_CODE = YES;
				CLANG_WARN__DUPLICATE_METHOD_MATCH = YES;
				COPY_PHASE_STRIP = NO;
				DEBUG_INFORMATION_FORMAT = "dwarf-with-dsym";
				ENABLE_NS_ASSERTIONS = NO;
				ENABLE_STRICT_OBJC_MSGSEND = YES;
				GCC_C_LANGUAGE_STANDARD = gnu11;
				GCC_NO_COMMON_BLOCKS = YES;
				GCC_WARN_64_TO_32_BIT_CONVERSION = YES;
				GCC_WARN_ABOUT_RETURN_TYPE = YES_ERROR;
				GCC_WARN_UNDECLARED_SELECTOR = YES;
				GCC_WARN_UNINITIALIZED_AUTOS = YES_AGGRESSIVE;
				GCC_WARN_UNUSED_FUNCTION = YES;
				GCC_WARN_UNUSED_VARIABLE = YES;
				IPHONEOS_DEPLOYMENT_TARGET = 15.2;
				MTL_ENABLE_DEBUG_INFO = NO;
				MTL_FAST_MATH = YES;
				SDKROOT = iphoneos;
				SWIFT_COMPILATION_MODE = wholemodule;
				SWIFT_OPTIMIZATION_LEVEL = "-O";
				VALIDATE_PRODUCT = YES;
			};
			name = Release;
		};
		E92368CA27B6A2F40092D086 /* Debug */ = {
			isa = XCBuildConfiguration;
			buildSettings = {
				ASSETCATALOG_COMPILER_APPICON_NAME = AppIcon;
				ASSETCATALOG_COMPILER_GLOBAL_ACCENT_COLOR_NAME = AccentColor;
				CODE_SIGN_ENTITLEMENTS = "HACKER News Portable/HACKER News Portable.entitlements";
				CODE_SIGN_STYLE = Automatic;
				CURRENT_PROJECT_VERSION = 1;
				DEVELOPMENT_ASSET_PATHS = "\"HACKER News Portable/Preview Content\"";
				DEVELOPMENT_TEAM = 53HD7S5M32;
				ENABLE_PREVIEWS = YES;
				GENERATE_INFOPLIST_FILE = YES;
				INFOPLIST_KEY_UIApplicationSceneManifest_Generation = YES;
				INFOPLIST_KEY_UIApplicationSupportsIndirectInputEvents = YES;
				INFOPLIST_KEY_UILaunchScreen_Generation = YES;
				INFOPLIST_KEY_UISupportedInterfaceOrientations_iPad = "UIInterfaceOrientationPortrait UIInterfaceOrientationPortraitUpsideDown UIInterfaceOrientationLandscapeLeft UIInterfaceOrientationLandscapeRight";
				INFOPLIST_KEY_UISupportedInterfaceOrientations_iPhone = "UIInterfaceOrientationPortrait UIInterfaceOrientationLandscapeLeft UIInterfaceOrientationLandscapeRight";
				LD_RUNPATH_SEARCH_PATHS = (
					"$(inherited)",
					"@executable_path/Frameworks",
				);
				MARKETING_VERSION = 1.0;
				PRODUCT_BUNDLE_IDENTIFIER = "com.projects.cahuekokeny.HACKER-News-Portable";
				PRODUCT_NAME = "$(TARGET_NAME)";
				SUPPORTS_MACCATALYST = YES;
				SWIFT_EMIT_LOC_STRINGS = YES;
				SWIFT_VERSION = 5.0;
				TARGETED_DEVICE_FAMILY = "1,2";
			};
			name = Debug;
		};
		E92368CB27B6A2F40092D086 /* Release */ = {
			isa = XCBuildConfiguration;
			buildSettings = {
				ASSETCATALOG_COMPILER_APPICON_NAME = AppIcon;
				ASSETCATALOG_COMPILER_GLOBAL_ACCENT_COLOR_NAME = AccentColor;
				CODE_SIGN_ENTITLEMENTS = "HACKER News Portable/HACKER News Portable.entitlements";
				CODE_SIGN_STYLE = Automatic;
				CURRENT_PROJECT_VERSION = 1;
				DEVELOPMENT_ASSET_PATHS = "\"HACKER News Portable/Preview Content\"";
				DEVELOPMENT_TEAM = 53HD7S5M32;
				ENABLE_PREVIEWS = YES;
				GENERATE_INFOPLIST_FILE = YES;
				INFOPLIST_KEY_UIApplicationSceneManifest_Generation = YES;
				INFOPLIST_KEY_UIApplicationSupportsIndirectInputEvents = YES;
				INFOPLIST_KEY_UILaunchScreen_Generation = YES;
				INFOPLIST_KEY_UISupportedInterfaceOrientations_iPad = "UIInterfaceOrientationPortrait UIInterfaceOrientationPortraitUpsideDown UIInterfaceOrientationLandscapeLeft UIInterfaceOrientationLandscapeRight";
				INFOPLIST_KEY_UISupportedInterfaceOrientations_iPhone = "UIInterfaceOrientationPortrait UIInterfaceOrientationLandscapeLeft UIInterfaceOrientationLandscapeRight";
				LD_RUNPATH_SEARCH_PATHS = (
					"$(inherited)",
					"@executable_path/Frameworks",
				);
				MARKETING_VERSION = 1.0;
				PRODUCT_BUNDLE_IDENTIFIER = "com.projects.cahuekokeny.HACKER-News-Portable";
				PRODUCT_NAME = "$(TARGET_NAME)";
				SUPPORTS_MACCATALYST = YES;
				SWIFT_EMIT_LOC_STRINGS = YES;
				SWIFT_VERSION = 5.0;
				TARGETED_DEVICE_FAMILY = "1,2";
			};
			name = Release;
		};
/* End XCBuildConfiguration section */

/* Begin XCConfigurationList section */
		E92368B627B6A2F30092D086 /* Build configuration list for PBXProject "HACKER News Portable" */ = {
			isa = XCConfigurationList;
			buildConfigurations = (
				E92368C727B6A2F40092D086 /* Debug */,
				E92368C827B6A2F40092D086 /* Release */,
			);
			defaultConfigurationIsVisible = 0;
			defaultConfigurationName = Release;
		};
		E92368C927B6A2F40092D086 /* Build configuration list for PBXNativeTarget "HACKER News Portable" */ = {
			isa = XCConfigurationList;
			buildConfigurations = (
				E92368CA27B6A2F40092D086 /* Debug */,
				E92368CB27B6A2F40092D086 /* Release */,
			);
			defaultConfigurationIsVisible = 0;
			defaultConfigurationName = Release;
		};
/* End XCConfigurationList section */
	};
	rootObject = E92368B327B6A2F30092D086 /* Project object */;
}
